// !$*UTF8*$!
{
	archiveVersion = 1;
	classes = {
	};
	objectVersion = 46;
	objects = {

/* Begin PBXBuildFile section */
		BC629DEA1B5E381800E3C5BE /* main.m in Sources */ = {isa = PBXBuildFile; fileRef = BC629DE91B5E381800E3C5BE /* main.m */; };
		BC629DED1B5E381800E3C5BE /* AppDelegate.m in Sources */ = {isa = PBXBuildFile; fileRef = BC629DEC1B5E381800E3C5BE /* AppDelegate.m */; };
		BC629DEF1B5E381800E3C5BE /* Images.xcassets in Resources */ = {isa = PBXBuildFile; fileRef = BC629DEE1B5E381800E3C5BE /* Images.xcassets */; };
		BC629DF21B5E381800E3C5BE /* LaunchScreen.xib in Resources */ = {isa = PBXBuildFile; fileRef = BC629DF01B5E381800E3C5BE /* LaunchScreen.xib */; };
		BC629DFE1B5E381800E3C5BE /* _2MonkeyTouchDemoTests.m in Sources */ = {isa = PBXBuildFile; fileRef = BC629DFD1B5E381800E3C5BE /* _2MonkeyTouchDemoTests.m */; };
/* End PBXBuildFile section */

/* Begin PBXContainerItemProxy section */
		BC629DF81B5E381800E3C5BE /* PBXContainerItemProxy */ = {
			isa = PBXContainerItemProxy;
			containerPortal = BC629DDC1B5E381800E3C5BE /* Project object */;
			proxyType = 1;
			remoteGlobalIDString = BC629DE31B5E381800E3C5BE;
			remoteInfo = 02MonkeyTouchDemo;
		};
/* End PBXContainerItemProxy section */

/* Begin PBXFileReference section */
		BC629DE41B5E381800E3C5BE /* 02MonkeyTouchDemo.app */ = {isa = PBXFileReference; explicitFileType = wrapper.application; includeInIndex = 0; path = 02MonkeyTouchDemo.app; sourceTree = BUILT_PRODUCTS_DIR; };
		BC629DE81B5E381800E3C5BE /* Info.plist */ = {isa = PBXFileReference; lastKnownFileType = text.plist.xml; path = Info.plist; sourceTree = "<group>"; };
		BC629DE91B5E381800E3C5BE /* main.m */ = {isa = PBXFileReference; lastKnownFileType = sourcecode.c.objc; path = main.m; sourceTree = "<group>"; };
		BC629DEB1B5E381800E3C5BE /* AppDelegate.h */ = {isa = PBXFileReference; lastKnownFileType = sourcecode.c.h; path = AppDelegate.h; sourceTree = "<group>"; };
		BC629DEC1B5E381800E3C5BE /* AppDelegate.m */ = {isa = PBXFileReference; lastKnownFileType = sourcecode.c.objc; path = AppDelegate.m; sourceTree = "<group>"; };
		BC629DEE1B5E381800E3C5BE /* Images.xcassets */ = {isa = PBXFileReference; lastKnownFileType = folder.assetcatalog; path = Images.xcassets; sourceTree = "<group>"; };
		BC629DF11B5E381800E3C5BE /* Base */ = {isa = PBXFileReference; lastKnownFileType = file.xib; name = Base; path = Base.lproj/LaunchScreen.xib; sourceTree = "<group>"; };
		BC629DF71B5E381800E3C5BE /* 02MonkeyTouchDemoTests.xctest */ = {isa = PBXFileReference; explicitFileType = wrapper.cfbundle; includeInIndex = 0; path = 02MonkeyTouchDemoTests.xctest; sourceTree = BUILT_PRODUCTS_DIR; };
		BC629DFC1B5E381800E3C5BE /* Info.plist */ = {isa = PBXFileReference; lastKnownFileType = text.plist.xml; path = Info.plist; sourceTree = "<group>"; };
		BC629DFD1B5E381800E3C5BE /* _2MonkeyTouchDemoTests.m */ = {isa = PBXFileReference; lastKnownFileType = sourcecode.c.objc; path = _2MonkeyTouchDemoTests.m; sourceTree = "<group>"; };
/* End PBXFileReference section */

/* Begin PBXFrameworksBuildPhase section */
		BC629DE11B5E381800E3C5BE /* Frameworks */ = {
			isa = PBXFrameworksBuildPhase;
			buildActionMask = 2147483647;
			files = (
			);
			runOnlyForDeploymentPostprocessing = 0;
		};
		BC629DF41B5E381800E3C5BE /* Frameworks */ = {
			isa = PBXFrameworksBuildPhase;
			buildActionMask = 2147483647;
			files = (
			);
			runOnlyForDeploymentPostprocessing = 0;
		};
/* End PBXFrameworksBuildPhase section */

/* Begin PBXGroup section */
		BC629DDB1B5E381800E3C5BE = {
			isa = PBXGroup;
			children = (
				BC629DE61B5E381800E3C5BE /* 02MonkeyTouchDemo */,
				BC629DFA1B5E381800E3C5BE /* 02MonkeyTouchDemoTests */,
				BC629DE51B5E381800E3C5BE /* Products */,
			);
			sourceTree = "<group>";
		};
		BC629DE51B5E381800E3C5BE /* Products */ = {
			isa = PBXGroup;
			children = (
				BC629DE41B5E381800E3C5BE /* 02MonkeyTouchDemo.app */,
				BC629DF71B5E381800E3C5BE /* 02MonkeyTouchDemoTests.xctest */,
			);
			name = Products;
			sourceTree = "<group>";
		};
		BC629DE61B5E381800E3C5BE /* 02MonkeyTouchDemo */ = {
			isa = PBXGroup;
			children = (
				BC629DEB1B5E381800E3C5BE /* AppDelegate.h */,
				BC629DEC1B5E381800E3C5BE /* AppDelegate.m */,
				BC629DEE1B5E381800E3C5BE /* Images.xcassets */,
				BC629DF01B5E381800E3C5BE /* LaunchScreen.xib */,
				BC629DE71B5E381800E3C5BE /* Supporting Files */,
			);
			path = 02MonkeyTouchDemo;
			sourceTree = "<group>";
		};
		BC629DE71B5E381800E3C5BE /* Supporting Files */ = {
			isa = PBXGroup;
			children = (
				BC629DE81B5E381800E3C5BE /* Info.plist */,
				BC629DE91B5E381800E3C5BE /* main.m */,
			);
			name = "Supporting Files";
			sourceTree = "<group>";
		};
		BC629DFA1B5E381800E3C5BE /* 02MonkeyTouchDemoTests */ = {
			isa = PBXGroup;
			children = (
				BC629DFD1B5E381800E3C5BE /* _2MonkeyTouchDemoTests.m */,
				BC629DFB1B5E381800E3C5BE /* Supporting Files */,
			);
			path = 02MonkeyTouchDemoTests;
			sourceTree = "<group>";
		};
		BC629DFB1B5E381800E3C5BE /* Supporting Files */ = {
			isa = PBXGroup;
			children = (
				BC629DFC1B5E381800E3C5BE /* Info.plist */,
			);
			name = "Supporting Files";
			sourceTree = "<group>";
		};
/* End PBXGroup section */

/* Begin PBXNativeTarget section */
		BC629DE31B5E381800E3C5BE /* 02MonkeyTouchDemo */ = {
			isa = PBXNativeTarget;
			buildConfigurationList = BC629E011B5E381800E3C5BE /* Build configuration list for PBXNativeTarget "02MonkeyTouchDemo" */;
			buildPhases = (
				BC629DE01B5E381800E3C5BE /* Sources */,
				BC629DE11B5E381800E3C5BE /* Frameworks */,
				BC629DE21B5E381800E3C5BE /* Resources */,
			);
			buildRules = (
			);
			dependencies = (
			);
			name = 02MonkeyTouchDemo;
			productName = 02MonkeyTouchDemo;
			productReference = BC629DE41B5E381800E3C5BE /* 02MonkeyTouchDemo.app */;
			productType = "com.apple.product-type.application";
		};
		BC629DF61B5E381800E3C5BE /* 02MonkeyTouchDemoTests */ = {
			isa = PBXNativeTarget;
			buildConfigurationList = BC629E041B5E381800E3C5BE /* Build configuration list for PBXNativeTarget "02MonkeyTouchDemoTests" */;
			buildPhases = (
				BC629DF31B5E381800E3C5BE /* Sources */,
				BC629DF41B5E381800E3C5BE /* Frameworks */,
				BC629DF51B5E381800E3C5BE /* Resources */,
			);
			buildRules = (
			);
			dependencies = (
				BC629DF91B5E381800E3C5BE /* PBXTargetDependency */,
			);
			name = 02MonkeyTouchDemoTests;
			productName = 02MonkeyTouchDemoTests;
			productReference = BC629DF71B5E381800E3C5BE /* 02MonkeyTouchDemoTests.xctest */;
			productType = "com.apple.product-type.bundle.unit-test";
		};
/* End PBXNativeTarget section */

/* Begin PBXProject section */
		BC629DDC1B5E381800E3C5BE /* Project object */ = {
			isa = PBXProject;
			attributes = {
				LastUpgradeCheck = 0610;
				ORGANIZATIONNAME = SH;
				TargetAttributes = {
					BC629DE31B5E381800E3C5BE = {
						CreatedOnToolsVersion = 6.1;
					};
					BC629DF61B5E381800E3C5BE = {
						CreatedOnToolsVersion = 6.1;
						TestTargetID = BC629DE31B5E381800E3C5BE;
					};
				};
			};
			buildConfigurationList = BC629DDF1B5E381800E3C5BE /* Build configuration list for PBXProject "02MonkeyTouchDemo" */;
			compatibilityVersion = "Xcode 3.2";
			developmentRegion = English;
			hasScannedForEncodings = 0;
			knownRegions = (
				en,
				Base,
			);
			mainGroup = BC629DDB1B5E381800E3C5BE;
			productRefGroup = BC629DE51B5E381800E3C5BE /* Products */;
			projectDirPath = "";
			projectRoot = "";
			targets = (
				BC629DE31B5E381800E3C5BE /* 02MonkeyTouchDemo */,
				BC629DF61B5E381800E3C5BE /* 02MonkeyTouchDemoTests */,
			);
		};
/* End PBXProject section */

/* Begin PBXResourcesBuildPhase section */
		BC629DE21B5E381800E3C5BE /* Resources */ = {
			isa = PBXResourcesBuildPhase;
			buildActionMask = 2147483647;
			files = (
				BC629DF21B5E381800E3C5BE /* LaunchScreen.xib in Resources */,
				BC629DEF1B5E381800E3C5BE /* Images.xcassets in Resources */,
			);
			runOnlyForDeploymentPostprocessing = 0;
		};
		BC629DF51B5E381800E3C5BE /* Resources */ = {
			isa = PBXResourcesBuildPhase;
			buildActionMask = 2147483647;
			files = (
			);
			runOnlyForDeploymentPostprocessing = 0;
		};
/* End PBXResourcesBuildPhase section */

/* Begin PBXSourcesBuildPhase section */
		BC629DE01B5E381800E3C5BE /* Sources */ = {
			isa = PBXSourcesBuildPhase;
			buildActionMask = 2147483647;
			files = (
				BC629DED1B5E381800E3C5BE /* AppDelegate.m in Sources */,
				BC629DEA1B5E381800E3C5BE /* main.m in Sources */,
			);
			runOnlyForDeploymentPostprocessing = 0;
		};
		BC629DF31B5E381800E3C5BE /* Sources */ = {
			isa = PBXSourcesBuildPhase;
			buildActionMask = 2147483647;
			files = (
				BC629DFE1B5E381800E3C5BE /* _2MonkeyTouchDemoTests.m in Sources */,
			);
			runOnlyForDeploymentPostprocessing = 0;
		};
/* End PBXSourcesBuildPhase section */

/* Begin PBXTargetDependency section */
		BC629DF91B5E381800E3C5BE /* PBXTargetDependency */ = {
			isa = PBXTargetDependency;
			target = BC629DE31B5E381800E3C5BE /* 02MonkeyTouchDemo */;
			targetProxy = BC629DF81B5E381800E3C5BE /* PBXContainerItemProxy */;
		};
/* End PBXTargetDependency section */

/* Begin PBXVariantGroup section */
		BC629DF01B5E381800E3C5BE /* LaunchScreen.xib */ = {
			isa = PBXVariantGroup;
			children = (
				BC629DF11B5E381800E3C5BE /* Base */,
			);
			name = LaunchScreen.xib;
			sourceTree = "<group>";
		};
/* End PBXVariantGroup section */

/* Begin XCBuildConfiguration section */
		BC629DFF1B5E381800E3C5BE /* Debug */ = {
			isa = XCBuildConfiguration;
			buildSettings = {
				ALWAYS_SEARCH_USER_PATHS = NO;
				CLANG_CXX_LANGUAGE_STANDARD = "gnu++0x";
				CLANG_CXX_LIBRARY = "libc++";
				CLANG_ENABLE_MODULES = YES;
				CLANG_ENABLE_OBJC_ARC = YES;
				CLANG_WARN_BOOL_CONVERSION = YES;
				CLANG_WARN_CONSTANT_CONVERSION = YES;
				CLANG_WARN_DIRECT_OBJC_ISA_USAGE = YES_ERROR;
				CLANG_WARN_EMPTY_BODY = YES;
				CLANG_WARN_ENUM_CONVERSION = YES;
				CLANG_WARN_INT_CONVERSION = YES;
				CLANG_WARN_OBJC_ROOT_CLASS = YES_ERROR;
				CLANG_WARN_UNREACHABLE_CODE = YES;
				CLANG_WARN__DUPLICATE_METHOD_MATCH = YES;
				"CODE_SIGN_IDENTITY[sdk=iphoneos*]" = "iPhone Developer";
				COPY_PHASE_STRIP = NO;
				ENABLE_STRICT_OBJC_MSGSEND = YES;
				GCC_C_LANGUAGE_STANDARD = gnu99;
				GCC_DYNAMIC_NO_PIC = NO;
				GCC_OPTIMIZATION_LEVEL = 0;
				GCC_PREPROCESSOR_DEFINITIONS = (
					"DEBUG=1",
					"$(inherited)",
				);
				GCC_SYMBOLS_PRIVATE_EXTERN = NO;
				GCC_WARN_64_TO_32_BIT_CONVERSION = YES;
				GCC_WARN_ABOUT_RETURN_TYPE = YES_ERROR;
				GCC_WARN_UNDECLARED_SELECTOR = YES;
				GCC_WARN_UNINITIALIZED_AUTOS = YES_AGGRESSIVE;
				GCC_WARN_UNUSED_FUNCTION = YES;
				GCC_WARN_UNUSED_VARIABLE = YES;
				IPHONEOS_DEPLOYMENT_TARGET = 8.1;
				MTL_ENABLE_DEBUG_INFO = YES;
				ONLY_ACTIVE_ARCH = YES;
				SDKROOT = iphoneos;
			};
			name = Debug;
		};
		BC629E001B5E381800E3C5BE /* Release */ = {
			isa = XCBuildConfiguration;
			buildSettings = {
				ALWAYS_SEARCH_USER_PATHS = NO;
				CLANG_CXX_LANGUAGE_STANDARD = "gnu++0x";
				CLANG_CXX_LIBRARY = "libc++";
				CLANG_ENABLE_MODULES = YES;
				CLANG_ENABLE_OBJC_ARC = YES;
				CLANG_WARN_BOOL_CONVERSION = YES;
				CLANG_WARN_CONSTANT_CONVERSION = YES;
				CLANG_WARN_DIRECT_OBJC_ISA_USAGE = YES_ERROR;
				CLANG_WARN_EMPTY_BODY = YES;
				CLANG_WARN_ENUM_CONVERSION = YES;
				CLANG_WARN_INT_CONVERSION = YES;
				CLANG_WARN_OBJC_ROOT_CLASS = YES_ERROR;
				CLANG_WARN_UNREACHABLE_CODE = YES;
				CLANG_WARN__DUPLICATE_METHOD_MATCH = YES;
				"CODE_SIGN_IDENTITY[sdk=iphoneos*]" = "iPhone Developer";
				COPY_PHASE_STRIP = YES;
				ENABLE_NS_ASSERTIONS = NO;
				ENABLE_STRICT_OBJC_MSGSEND = YES;
				GCC_C_LANGUAGE_STANDARD = gnu99;
				GCC_WARN_64_TO_32_BIT_CONVERSION = YES;
				GCC_WARN_ABOUT_RETURN_TYPE = YES_ERROR;
				GCC_WARN_UNDECLARED_SELECTOR = YES;
				GCC_WARN_UNINITIALIZED_AUTOS = YES_AGGRESSIVE;
				GCC_WARN_UNUSED_FUNCTION = YES;
				GCC_WARN_UNUSED_VARIABLE = YES;
				IPHONEOS_DEPLOYMENT_TARGET = 8.1;
				MTL_ENABLE_DEBUG_INFO = NO;
				SDKROOT = iphoneos;
				VALIDATE_PRODUCT = YES;
			};
			name = Release;
		};
		BC629E021B5E381800E3C5BE /* Debug */ = {
			isa = XCBuildConfiguration;
			buildSettings = {
				ASSETCATALOG_COMPILER_APPICON_NAME = AppIcon;
				INFOPLIST_FILE = 02MonkeyTouchDemo/Info.plist;
				LD_RUNPATH_SEARCH_PATHS = "$(inherited) @executable_path/Frameworks";
				PRODUCT_NAME = "$(TARGET_NAME)";
			};
			name = Debug;
		};
		BC629E031B5E381800E3C5BE /* Release */ = {
			isa = XCBuildConfiguration;
			buildSettings = {
				ASSETCATALOG_COMPILER_APPICON_NAME = AppIcon;
				INFOPLIST_FILE = 02MonkeyTouchDemo/Info.plist;
				LD_RUNPATH_SEARCH_PATHS = "$(inherited) @executable_path/Frameworks";
				PRODUCT_NAME = "$(TARGET_NAME)";
			};
			name = Release;
		};
		BC629E051B5E381800E3C5BE /* Debug */ = {
			isa = XCBuildConfiguration;
			buildSettings = {
				BUNDLE_LOADER = "$(TEST_HOST)";
				FRAMEWORK_SEARCH_PATHS = (
					"$(SDKROOT)/Developer/Library/Frameworks",
					"$(inherited)",
				);
				GCC_PREPROCESSOR_DEFINITIONS = (
					"DEBUG=1",
					"$(inherited)",
				);
				INFOPLIST_FILE = 02MonkeyTouchDemoTests/Info.plist;
				LD_RUNPATH_SEARCH_PATHS = "$(inherited) @executable_path/Frameworks @loader_path/Frameworks";
				PRODUCT_NAME = "$(TARGET_NAME)";
				TEST_HOST = "$(BUILT_PRODUCTS_DIR)/02MonkeyTouchDemo.app/02MonkeyTouchDemo";
			};
			name = Debug;
		};
		BC629E061B5E381800E3C5BE /* Release */ = {
			isa = XCBuildConfiguration;
			buildSettings = {
				BUNDLE_LOADER = "$(TEST_HOST)";
				FRAMEWORK_SEARCH_PATHS = (
					"$(SDKROOT)/Developer/Library/Frameworks",
					"$(inherited)",
				);
				INFOPLIST_FILE = 02MonkeyTouchDemoTests/Info.plist;
				LD_RUNPATH_SEARCH_PATHS = "$(inherited) @executable_path/Frameworks @loader_path/Frameworks";
				PRODUCT_NAME = "$(TARGET_NAME)";
				TEST_HOST = "$(BUILT_PRODUCTS_DIR)/02MonkeyTouchDemo.app/02MonkeyTouchDemo";
			};
			name = Release;
		};
/* End XCBuildConfiguration section */

/* Begin XCConfigurationList section */
		BC629DDF1B5E381800E3C5BE /* Build configuration list for PBXProject "02MonkeyTouchDemo" */ = {
			isa = XCConfigurationList;
			buildConfigurations = (
				BC629DFF1B5E381800E3C5BE /* Debug */,
				BC629E001B5E381800E3C5BE /* Release */,
			);
			defaultConfigurationIsVisible = 0;
			defaultConfigurationName = Release;
		};
		BC629E011B5E381800E3C5BE /* Build configuration list for PBXNativeTarget "02MonkeyTouchDemo" */ = {
			isa = XCConfigurationList;
			buildConfigurations = (
				BC629E021B5E381800E3C5BE /* Debug */,
				BC629E031B5E381800E3C5BE /* Release */,
			);
			defaultConfigurationIsVisible = 0;
		};
		BC629E041B5E381800E3C5BE /* Build configuration list for PBXNativeTarget "02MonkeyTouchDemoTests" */ = {
			isa = XCConfigurationList;
			buildConfigurations = (
				BC629E051B5E381800E3C5BE /* Debug */,
				BC629E061B5E381800E3C5BE /* Release */,
			);
			defaultConfigurationIsVisible = 0;
		};
/* End XCConfigurationList section */
	};
	rootObject = BC629DDC1B5E381800E3C5BE /* Project object */;
}
